// !$*UTF8*$!
{
	archiveVersion = 1;
	classes = {
	};
	objectVersion = 56;
	objects = {

/* Begin PBXBuildFile section */
		DA012DEC2A2DA406008EE048 /* ShareSheetView.swift in Sources */ = {isa = PBXBuildFile; fileRef = DA012DEB2A2DA406008EE048 /* ShareSheetView.swift */; };
		DA4258CC2A3856E000985626 /* MainView.swift in Sources */ = {isa = PBXBuildFile; fileRef = DA4258CB2A3856E000985626 /* MainView.swift */; };
		DA4258CE2A38582800985626 /* SettingView.swift in Sources */ = {isa = PBXBuildFile; fileRef = DA4258CD2A38582800985626 /* SettingView.swift */; };
		DA811CDB2A32C38C0000494D /* MessageView.swift in Sources */ = {isa = PBXBuildFile; fileRef = DA811CDA2A32C38C0000494D /* MessageView.swift */; };
		DABBDFDF2A1EF8A900F06DA6 /* NonSmokerApp.swift in Sources */ = {isa = PBXBuildFile; fileRef = DABBDFDE2A1EF8A900F06DA6 /* NonSmokerApp.swift */; };
		DABBDFE12A1EF8A900F06DA6 /* ContentView.swift in Sources */ = {isa = PBXBuildFile; fileRef = DABBDFE02A1EF8A900F06DA6 /* ContentView.swift */; };
		DABBDFE32A1EF8AC00F06DA6 /* Assets.xcassets in Resources */ = {isa = PBXBuildFile; fileRef = DABBDFE22A1EF8AC00F06DA6 /* Assets.xcassets */; };
		DABBDFE62A1EF8AC00F06DA6 /* Preview Assets.xcassets in Resources */ = {isa = PBXBuildFile; fileRef = DABBDFE52A1EF8AC00F06DA6 /* Preview Assets.xcassets */; };
		DABBDFED2A1EF99E00F06DA6 /* SettingItemsView.swift in Sources */ = {isa = PBXBuildFile; fileRef = DABBDFEC2A1EF99E00F06DA6 /* SettingItemsView.swift */; };
		DAE8EF1B2A2200D000E2C75C /* DataView.swift in Sources */ = {isa = PBXBuildFile; fileRef = DAE8EF1A2A2200D000E2C75C /* DataView.swift */; };
/* End PBXBuildFile section */

/* Begin PBXFileReference section */
		DA012DEB2A2DA406008EE048 /* ShareSheetView.swift */ = {isa = PBXFileReference; lastKnownFileType = sourcecode.swift; path = ShareSheetView.swift; sourceTree = "<group>"; };
		DA4258CB2A3856E000985626 /* MainView.swift */ = {isa = PBXFileReference; lastKnownFileType = sourcecode.swift; path = MainView.swift; sourceTree = "<group>"; };
		DA4258CD2A38582800985626 /* SettingView.swift */ = {isa = PBXFileReference; lastKnownFileType = sourcecode.swift; path = SettingView.swift; sourceTree = "<group>"; };
		DA811CDA2A32C38C0000494D /* MessageView.swift */ = {isa = PBXFileReference; lastKnownFileType = sourcecode.swift; path = MessageView.swift; sourceTree = "<group>"; };
		DABBDFDB2A1EF8A900F06DA6 /* NonSmoker.app */ = {isa = PBXFileReference; explicitFileType = wrapper.application; includeInIndex = 0; path = NonSmoker.app; sourceTree = BUILT_PRODUCTS_DIR; };
		DABBDFDE2A1EF8A900F06DA6 /* NonSmokerApp.swift */ = {isa = PBXFileReference; lastKnownFileType = sourcecode.swift; path = NonSmokerApp.swift; sourceTree = "<group>"; };
		DABBDFE02A1EF8A900F06DA6 /* ContentView.swift */ = {isa = PBXFileReference; lastKnownFileType = sourcecode.swift; path = ContentView.swift; sourceTree = "<group>"; };
		DABBDFE22A1EF8AC00F06DA6 /* Assets.xcassets */ = {isa = PBXFileReference; lastKnownFileType = folder.assetcatalog; path = Assets.xcassets; sourceTree = "<group>"; };
		DABBDFE52A1EF8AC00F06DA6 /* Preview Assets.xcassets */ = {isa = PBXFileReference; lastKnownFileType = folder.assetcatalog; path = "Preview Assets.xcassets"; sourceTree = "<group>"; };
		DABBDFEC2A1EF99E00F06DA6 /* SettingItemsView.swift */ = {isa = PBXFileReference; lastKnownFileType = sourcecode.swift; path = SettingItemsView.swift; sourceTree = "<group>"; };
		DAE8EF1A2A2200D000E2C75C /* DataView.swift */ = {isa = PBXFileReference; lastKnownFileType = sourcecode.swift; path = DataView.swift; sourceTree = "<group>"; };
/* End PBXFileReference section */

/* Begin PBXFrameworksBuildPhase section */
		DABBDFD82A1EF8A900F06DA6 /* Frameworks */ = {
			isa = PBXFrameworksBuildPhase;
			buildActionMask = 2147483647;
			files = (
			);
			runOnlyForDeploymentPostprocessing = 0;
		};
/* End PBXFrameworksBuildPhase section */

/* Begin PBXGroup section */
		DABBDFD22A1EF8A800F06DA6 = {
			isa = PBXGroup;
			children = (
				DABBDFDD2A1EF8A900F06DA6 /* NonSmoker */,
				DABBDFDC2A1EF8A900F06DA6 /* Products */,
			);
			sourceTree = "<group>";
		};
		DABBDFDC2A1EF8A900F06DA6 /* Products */ = {
			isa = PBXGroup;
			children = (
				DABBDFDB2A1EF8A900F06DA6 /* NonSmoker.app */,
			);
			name = Products;
			sourceTree = "<group>";
		};
		DABBDFDD2A1EF8A900F06DA6 /* NonSmoker */ = {
			isa = PBXGroup;
			children = (
				DABBDFDE2A1EF8A900F06DA6 /* NonSmokerApp.swift */,
				DABBDFE02A1EF8A900F06DA6 /* ContentView.swift */,
				DA4258CB2A3856E000985626 /* MainView.swift */,
				DA811CDA2A32C38C0000494D /* MessageView.swift */,
				DAE8EF1A2A2200D000E2C75C /* DataView.swift */,
				DA012DEB2A2DA406008EE048 /* ShareSheetView.swift */,
				DABBDFEC2A1EF99E00F06DA6 /* SettingItemsView.swift */,
				DA4258CD2A38582800985626 /* SettingView.swift */,
				DABBDFE22A1EF8AC00F06DA6 /* Assets.xcassets */,
				DABBDFE42A1EF8AC00F06DA6 /* Preview Content */,
			);
			path = NonSmoker;
			sourceTree = "<group>";
		};
		DABBDFE42A1EF8AC00F06DA6 /* Preview Content */ = {
			isa = PBXGroup;
			children = (
				DABBDFE52A1EF8AC00F06DA6 /* Preview Assets.xcassets */,
			);
			path = "Preview Content";
			sourceTree = "<group>";
		};
/* End PBXGroup section */

/* Begin PBXNativeTarget section */
		DABBDFDA2A1EF8A900F06DA6 /* NonSmoker */ = {
			isa = PBXNativeTarget;
			buildConfigurationList = DABBDFE92A1EF8AC00F06DA6 /* Build configuration list for PBXNativeTarget "NonSmoker" */;
			buildPhases = (
				DABBDFD72A1EF8A900F06DA6 /* Sources */,
				DABBDFD82A1EF8A900F06DA6 /* Frameworks */,
				DABBDFD92A1EF8A900F06DA6 /* Resources */,
			);
			buildRules = (
			);
			dependencies = (
			);
			name = NonSmoker;
			productName = NonSmoker;
			productReference = DABBDFDB2A1EF8A900F06DA6 /* NonSmoker.app */;
			productType = "com.apple.product-type.application";
		};
/* End PBXNativeTarget section */

/* Begin PBXProject section */
		DABBDFD32A1EF8A800F06DA6 /* Project object */ = {
			isa = PBXProject;
			attributes = {
				BuildIndependentTargetsInParallel = 1;
				LastSwiftUpdateCheck = 1420;
				LastUpgradeCheck = 1420;
				TargetAttributes = {
					DABBDFDA2A1EF8A900F06DA6 = {
						CreatedOnToolsVersion = 14.2;
					};
				};
			};
			buildConfigurationList = DABBDFD62A1EF8A800F06DA6 /* Build configuration list for PBXProject "NonSmoker" */;
			compatibilityVersion = "Xcode 14.0";
			developmentRegion = en;
			hasScannedForEncodings = 0;
			knownRegions = (
				en,
				Base,
			);
			mainGroup = DABBDFD22A1EF8A800F06DA6;
			productRefGroup = DABBDFDC2A1EF8A900F06DA6 /* Products */;
			projectDirPath = "";
			projectRoot = "";
			targets = (
				DABBDFDA2A1EF8A900F06DA6 /* NonSmoker */,
			);
		};
/* End PBXProject section */

/* Begin PBXResourcesBuildPhase section */
		DABBDFD92A1EF8A900F06DA6 /* Resources */ = {
			isa = PBXResourcesBuildPhase;
			buildActionMask = 2147483647;
			files = (
				DABBDFE62A1EF8AC00F06DA6 /* Preview Assets.xcassets in Resources */,
				DABBDFE32A1EF8AC00F06DA6 /* Assets.xcassets in Resources */,
			);
			runOnlyForDeploymentPostprocessing = 0;
		};
/* End PBXResourcesBuildPhase section */

/* Begin PBXSourcesBuildPhase section */
		DABBDFD72A1EF8A900F06DA6 /* Sources */ = {
			isa = PBXSourcesBuildPhase;
			buildActionMask = 2147483647;
			files = (
				DAE8EF1B2A2200D000E2C75C /* DataView.swift in Sources */,
				DA4258CC2A3856E000985626 /* MainView.swift in Sources */,
				DABBDFED2A1EF99E00F06DA6 /* SettingItemsView.swift in Sources */,
				DABBDFE12A1EF8A900F06DA6 /* ContentView.swift in Sources */,
				DA811CDB2A32C38C0000494D /* MessageView.swift in Sources */,
				DA4258CE2A38582800985626 /* SettingView.swift in Sources */,
				DABBDFDF2A1EF8A900F06DA6 /* NonSmokerApp.swift in Sources */,
				DA012DEC2A2DA406008EE048 /* ShareSheetView.swift in Sources */,
			);
			runOnlyForDeploymentPostprocessing = 0;
		};
/* End PBXSourcesBuildPhase section */

/* Begin XCBuildConfiguration section */
		DABBDFE72A1EF8AC00F06DA6 /* Debug */ = {
			isa = XCBuildConfiguration;
			buildSettings = {
				ALWAYS_SEARCH_USER_PATHS = NO;
				CLANG_ANALYZER_NONNULL = YES;
				CLANG_ANALYZER_NUMBER_OBJECT_CONVERSION = YES_AGGRESSIVE;
				CLANG_CXX_LANGUAGE_STANDARD = "gnu++20";
				CLANG_ENABLE_MODULES = YES;
				CLANG_ENABLE_OBJC_ARC = YES;
				CLANG_ENABLE_OBJC_WEAK = YES;
				CLANG_WARN_BLOCK_CAPTURE_AUTORELEASING = YES;
				CLANG_WARN_BOOL_CONVERSION = YES;
				CLANG_WARN_COMMA = YES;
				CLANG_WARN_CONSTANT_CONVERSION = YES;
				CLANG_WARN_DEPRECATED_OBJC_IMPLEMENTATIONS = YES;
				CLANG_WARN_DIRECT_OBJC_ISA_USAGE = YES_ERROR;
				CLANG_WARN_DOCUMENTATION_COMMENTS = YES;
				CLANG_WARN_EMPTY_BODY = YES;
				CLANG_WARN_ENUM_CONVERSION = YES;
				CLANG_WARN_INFINITE_RECURSION = YES;
				CLANG_WARN_INT_CONVERSION = YES;
				CLANG_WARN_NON_LITERAL_NULL_CONVERSION = YES;
				CLANG_WARN_OBJC_IMPLICIT_RETAIN_SELF = YES;
				CLANG_WARN_OBJC_LITERAL_CONVERSION = YES;
				CLANG_WARN_OBJC_ROOT_CLASS = YES_ERROR;
				CLANG_WARN_QUOTED_INCLUDE_IN_FRAMEWORK_HEADER = YES;
				CLANG_WARN_RANGE_LOOP_ANALYSIS = YES;
				CLANG_WARN_STRICT_PROTOTYPES = YES;
				CLANG_WARN_SUSPICIOUS_MOVE = YES;
				CLANG_WARN_UNGUARDED_AVAILABILITY = YES_AGGRESSIVE;
				CLANG_WARN_UNREACHABLE_CODE = YES;
				CLANG_WARN__DUPLICATE_METHOD_MATCH = YES;
				COPY_PHASE_STRIP = NO;
				DEBUG_INFORMATION_FORMAT = dwarf;
				ENABLE_STRICT_OBJC_MSGSEND = YES;
				ENABLE_TESTABILITY = YES;
				GCC_C_LANGUAGE_STANDARD = gnu11;
				GCC_DYNAMIC_NO_PIC = NO;
				GCC_NO_COMMON_BLOCKS = YES;
				GCC_OPTIMIZATION_LEVEL = 0;
				GCC_PREPROCESSOR_DEFINITIONS = (
					"DEBUG=1",
					"$(inherited)",
				);
				GCC_WARN_64_TO_32_BIT_CONVERSION = YES;
				GCC_WARN_ABOUT_RETURN_TYPE = YES_ERROR;
				GCC_WARN_UNDECLARED_SELECTOR = YES;
				GCC_WARN_UNINITIALIZED_AUTOS = YES_AGGRESSIVE;
				GCC_WARN_UNUSED_FUNCTION = YES;
				GCC_WARN_UNUSED_VARIABLE = YES;
				IPHONEOS_DEPLOYMENT_TARGET = 16.2;
				MTL_ENABLE_DEBUG_INFO = INCLUDE_SOURCE;
				MTL_FAST_MATH = YES;
				ONLY_ACTIVE_ARCH = YES;
				SDKROOT = iphoneos;
				SWIFT_ACTIVE_COMPILATION_CONDITIONS = DEBUG;
				SWIFT_OPTIMIZATION_LEVEL = "-Onone";
			};
			name = Debug;
		};
		DABBDFE82A1EF8AC00F06DA6 /* Release */ = {
			isa = XCBuildConfiguration;
			buildSettings = {
				ALWAYS_SEARCH_USER_PATHS = NO;
				CLANG_ANALYZER_NONNULL = YES;
				CLANG_ANALYZER_NUMBER_OBJECT_CONVERSION = YES_AGGRESSIVE;
				CLANG_CXX_LANGUAGE_STANDARD = "gnu++20";
				CLANG_ENABLE_MODULES = YES;
				CLANG_ENABLE_OBJC_ARC = YES;
				CLANG_ENABLE_OBJC_WEAK = YES;
				CLANG_WARN_BLOCK_CAPTURE_AUTORELEASING = YES;
				CLANG_WARN_BOOL_CONVERSION = YES;
				CLANG_WARN_COMMA = YES;
				CLANG_WARN_CONSTANT_CONVERSION = YES;
				CLANG_WARN_DEPRECATED_OBJC_IMPLEMENTATIONS = YES;
				CLANG_WARN_DIRECT_OBJC_ISA_USAGE = YES_ERROR;
				CLANG_WARN_DOCUMENTATION_COMMENTS = YES;
				CLANG_WARN_EMPTY_BODY = YES;
				CLANG_WARN_ENUM_CONVERSION = YES;
				CLANG_WARN_INFINITE_RECURSION = YES;
				CLANG_WARN_INT_CONVERSION = YES;
				CLANG_WARN_NON_LITERAL_NULL_CONVERSION = YES;
				CLANG_WARN_OBJC_IMPLICIT_RETAIN_SELF = YES;
				CLANG_WARN_OBJC_LITERAL_CONVERSION = YES;
				CLANG_WARN_OBJC_ROOT_CLASS = YES_ERROR;
				CLANG_WARN_QUOTED_INCLUDE_IN_FRAMEWORK_HEADER = YES;
				CLANG_WARN_RANGE_LOOP_ANALYSIS = YES;
				CLANG_WARN_STRICT_PROTOTYPES = YES;
				CLANG_WARN_SUSPICIOUS_MOVE = YES;
				CLANG_WARN_UNGUARDED_AVAILABILITY = YES_AGGRESSIVE;
				CLANG_WARN_UNREACHABLE_CODE = YES;
				CLANG_WARN__DUPLICATE_METHOD_MATCH = YES;
				COPY_PHASE_STRIP = NO;
				DEBUG_INFORMATION_FORMAT = "dwarf-with-dsym";
				ENABLE_NS_ASSERTIONS = NO;
				ENABLE_STRICT_OBJC_MSGSEND = YES;
				GCC_C_LANGUAGE_STANDARD = gnu11;
				GCC_NO_COMMON_BLOCKS = YES;
				GCC_WARN_64_TO_32_BIT_CONVERSION = YES;
				GCC_WARN_ABOUT_RETURN_TYPE = YES_ERROR;
				GCC_WARN_UNDECLARED_SELECTOR = YES;
				GCC_WARN_UNINITIALIZED_AUTOS = YES_AGGRESSIVE;
				GCC_WARN_UNUSED_FUNCTION = YES;
				GCC_WARN_UNUSED_VARIABLE = YES;
				IPHONEOS_DEPLOYMENT_TARGET = 16.2;
				MTL_ENABLE_DEBUG_INFO = NO;
				MTL_FAST_MATH = YES;
				SDKROOT = iphoneos;
				SWIFT_COMPILATION_MODE = wholemodule;
				SWIFT_OPTIMIZATION_LEVEL = "-O";
				VALIDATE_PRODUCT = YES;
			};
			name = Release;
		};
		DABBDFEA2A1EF8AC00F06DA6 /* Debug */ = {
			isa = XCBuildConfiguration;
			buildSettings = {
				ASSETCATALOG_COMPILER_APPICON_NAME = AppIcon;
				ASSETCATALOG_COMPILER_GLOBAL_ACCENT_COLOR_NAME = AccentColor;
				CODE_SIGN_STYLE = Automatic;
				CURRENT_PROJECT_VERSION = 1;
				DEVELOPMENT_ASSET_PATHS = "\"NonSmoker/Preview Content\"";
				DEVELOPMENT_TEAM = C238Y4VKP2;
				ENABLE_PREVIEWS = YES;
				GENERATE_INFOPLIST_FILE = YES;
				INFOPLIST_KEY_CFBundleDisplayName = NONSMO;
				INFOPLIST_KEY_UIApplicationSceneManifest_Generation = YES;
				INFOPLIST_KEY_UIApplicationSupportsIndirectInputEvents = YES;
				INFOPLIST_KEY_UILaunchScreen_Generation = YES;
				INFOPLIST_KEY_UISupportedInterfaceOrientations = UIInterfaceOrientationPortrait;
				INFOPLIST_KEY_UISupportedInterfaceOrientations_iPad = "UIInterfaceOrientationLandscapeLeft UIInterfaceOrientationLandscapeRight UIInterfaceOrientationPortrait UIInterfaceOrientationPortraitUpsideDown";
				LD_RUNPATH_SEARCH_PATHS = (
					"$(inherited)",
					"@executable_path/Frameworks",
				);
				MARKETING_VERSION = 1.0;
				PRODUCT_BUNDLE_IDENTIFIER = macya.dev.NonSmoker;
				PRODUCT_NAME = "$(TARGET_NAME)";
				SUPPORTED_PLATFORMS = "iphoneos iphonesimulator";
				SUPPORTS_MACCATALYST = NO;
				SUPPORTS_MAC_DESIGNED_FOR_IPHONE_IPAD = NO;
				SWIFT_EMIT_LOC_STRINGS = YES;
				SWIFT_VERSION = 5.0;
				TARGETED_DEVICE_FAMILY = 1;
			};
			name = Debug;
		};
		DABBDFEB2A1EF8AC00F06DA6 /* Release */ = {
			isa = XCBuildConfiguration;
			buildSettings = {
				ASSETCATALOG_COMPILER_APPICON_NAME = AppIcon;
				ASSETCATALOG_COMPILER_GLOBAL_ACCENT_COLOR_NAME = AccentColor;
				CODE_SIGN_STYLE = Automatic;
				CURRENT_PROJECT_VERSION = 1;
				DEVELOPMENT_ASSET_PATHS = "\"NonSmoker/Preview Content\"";
				DEVELOPMENT_TEAM = C238Y4VKP2;
				ENABLE_PREVIEWS = YES;
				GENERATE_INFOPLIST_FILE = YES;
				INFOPLIST_KEY_CFBundleDisplayName = NONSMO;
				INFOPLIST_KEY_UIApplicationSceneManifest_Generation = YES;
				INFOPLIST_KEY_UIApplicationSupportsIndirectInputEvents = YES;
				INFOPLIST_KEY_UILaunchScreen_Generation = YES;
				INFOPLIST_KEY_UISupportedInterfaceOrientations = UIInterfaceOrientationPortrait;
				INFOPLIST_KEY_UISupportedInterfaceOrientations_iPad = "UIInterfaceOrientationLandscapeLeft UIInterfaceOrientationLandscapeRight UIInterfaceOrientationPortrait UIInterfaceOrientationPortraitUpsideDown";
				LD_RUNPATH_SEARCH_PATHS = (
					"$(inherited)",
					"@executable_path/Frameworks",
				);
				MARKETING_VERSION = 1.0;
				PRODUCT_BUNDLE_IDENTIFIER = macya.dev.NonSmoker;
				PRODUCT_NAME = "$(TARGET_NAME)";
				SUPPORTED_PLATFORMS = "iphoneos iphonesimulator";
				SUPPORTS_MACCATALYST = NO;
				SUPPORTS_MAC_DESIGNED_FOR_IPHONE_IPAD = NO;
				SWIFT_EMIT_LOC_STRINGS = YES;
				SWIFT_VERSION = 5.0;
				TARGETED_DEVICE_FAMILY = 1;
			};
			name = Release;
		};
/* End XCBuildConfiguration section */

/* Begin XCConfigurationList section */
		DABBDFD62A1EF8A800F06DA6 /* Build configuration list for PBXProject "NonSmoker" */ = {
			isa = XCConfigurationList;
			buildConfigurations = (
				DABBDFE72A1EF8AC00F06DA6 /* Debug */,
				DABBDFE82A1EF8AC00F06DA6 /* Release */,
			);
			defaultConfigurationIsVisible = 0;
			defaultConfigurationName = Release;
		};
		DABBDFE92A1EF8AC00F06DA6 /* Build configuration list for PBXNativeTarget "NonSmoker" */ = {
			isa = XCConfigurationList;
			buildConfigurations = (
				DABBDFEA2A1EF8AC00F06DA6 /* Debug */,
				DABBDFEB2A1EF8AC00F06DA6 /* Release */,
			);
			defaultConfigurationIsVisible = 0;
			defaultConfigurationName = Release;
		};
/* End XCConfigurationList section */
	};
	rootObject = DABBDFD32A1EF8A800F06DA6 /* Project object */;
}
